
Microsoft Visual Studio Solution File, Format Version 12.00
# Visual Studio Version 17
VisualStudioVersion = 17.12.35527.113 d17.12
MinimumVisualStudioVersion = 10.0.40219.1
Project("{FAE04EC0-301F-11D3-BF4B-00C04F79EFBC}") = "Semana 7 02", "Semana 7 02\Semana 7 02.csproj", "{A8D9CC24-E52A-4A80-946E-EF6597271581}"
EndProject
Global
	GlobalSection(SolutionConfigurationPlatforms) = preSolution
		Debug|Any CPU = Debug|Any CPU
		Release|Any CPU = Release|Any CPU
	EndGlobalSection
	GlobalSection(ProjectConfigurationPlatforms) = postSolution
		{A8D9CC24-E52A-4A80-946E-EF6597271581}.Debug|Any CPU.ActiveCfg = Debug|Any CPU
		{A8D9CC24-E52A-4A80-946E-EF6597271581}.Debug|Any CPU.Build.0 = Debug|Any CPU
		{A8D9CC24-E52A-4A80-946E-EF6597271581}.Release|Any CPU.ActiveCfg = Release|Any CPU
		{A8D9CC24-E52A-4A80-946E-EF6597271581}.Release|Any CPU.Build.0 = Release|Any CPU
	EndGlobalSection
	GlobalSection(SolutionProperties) = preSolution
		HideSolutionNode = FALSE
	EndGlobalSection
EndGlobal
